# THIS IS AN AUTOGENERATED FILE. DO NOT EDIT THIS FILE DIRECTLY.
# yarn lockfile v1


"@types/aws-lambda@^8.10.92":
  "integrity" "sha512-Vqm22aZrCvCd6I5g1SvpW151jfqwTzEZ7XJ3yZ6xaZG31nUEOEyzzVImjRcsN8Wi/QyPxId/x8GTtgIbsy8kEw=="
  "resolved" "https://registry.npmjs.org/@types/aws-lambda/-/aws-lambda-8.10.119.tgz"
  "version" "8.10.119"

"crypto-secure-random-digit@^1.0.9":
  "integrity" "sha512-s8lDlKys87l8++pXrY8SxX3Uu31lQrpQDlPRGmR4r3y3iRqQiXj9ejAF1TsCU4w38mIXR72D571ujqzT+rcpCA=="
  "resolved" "https://registry.npmjs.org/crypto-secure-random-digit/-/crypto-secure-random-digit-1.0.10.tgz"
  "version" "1.0.10"
